# THIS IS AN AUTOGENERATED FILE. DO NOT EDIT THIS FILE DIRECTLY.
# yarn lockfile v1


"@vue/reactivity@~3.1.1":
  version "3.1.5"
  resolved "https://registry.yarnpkg.com/@vue/reactivity/-/reactivity-3.1.5.tgz#dbec4d9557f7c8f25c2635db1e23a78a729eb991"
  integrity sha512-1tdfLmNjWG6t/CsPldh+foumYFo3cpyCHgBYQ34ylaMsJ+SNHQ1kApMIa8jN+i593zQuaw3AdWH0nJTARzCFhg==
  dependencies:
    "@vue/shared" "3.1.5"

"@vue/shared@3.1.5":
  version "3.1.5"
  resolved "https://registry.yarnpkg.com/@vue/shared/-/shared-3.1.5.tgz#74ee3aad995d0a3996a6bb9533d4d280514ede03"
  integrity sha512-oJ4F3TnvpXaQwZJNF3ZK+kLPHKarDmJjJ6jyzVNDKH9md1dptjC7lWR//jrGuLdek/U6iltWxqAnYOu8gCiOvA==

alpinejs@^3.5:
  version "3.5.2"
  resolved "https://registry.yarnpkg.com/alpinejs/-/alpinejs-3.5.2.tgz#bea3776402f32b2a5bed2d8005cef366da823371"
  integrity sha512-O80pq9CyyxelitgU9aEiP2HyRAAqZjA9sgJgxccuhr+XAVAJI1F/hPLVgkqGFPSvHcyDnd9biEyizY95QMgiFw==
  dependencies:
    "@vue/reactivity" "~3.1.1"

fomantic-ui-css@^2.8:
  version "2.8.8"
  resolved "https://registry.yarnpkg.com/fomantic-ui-css/-/fomantic-ui-css-2.8.8.tgz#8a402a4413b2c205c416afccfb48b295b393bb52"
  integrity sha512-mVzOha6ApNT0yolKHTt5MHla1aR7w8EKkk/B6FLaa8Bia48qhO1MDFKZriT93eS1RHOZzrN42GcNpT/mH6qMVA==
  dependencies:
    jquery "^3.4.0"

jquery@^3.4.0, jquery@^3.6:
  version "3.6.0"
  resolved "https://registry.yarnpkg.com/jquery/-/jquery-3.6.0.tgz#c72a09f15c1bdce142f49dbf1170bdf8adac2470"
  integrity sha512-JVzAR/AjBvVt2BmYhxRCSYysDsPcssdmTFnzyLEts9qNwmjmu4JTAMYubEfwVOSwpQ1I1sKKFcxhZCI2buerfw==
